
Microsoft Visual Studio Solution File, Format Version 12.00
# Visual Studio Version 17
VisualStudioVersion = 17.11.35327.3
MinimumVisualStudioVersion = 10.0.40219.1
Project("{9A19103F-16F7-4668-BE54-9A1E7A4F7556}") = "InvestmentPortfolio", "InvestmentPortfolio.csproj", "{129EF706-A10A-4E0B-9F6A-C385C0FAB1EC}"
EndProject
Global
	GlobalSection(SolutionConfigurationPlatforms) = preSolution
		Debug|Any CPU = Debug|Any CPU
		Release|Any CPU = Release|Any CPU
	EndGlobalSection
	GlobalSection(ProjectConfigurationPlatforms) = postSolution
		{129EF706-A10A-4E0B-9F6A-C385C0FAB1EC}.Debug|Any CPU.ActiveCfg = Debug|Any CPU
		{129EF706-A10A-4E0B-9F6A-C385C0FAB1EC}.Debug|Any CPU.Build.0 = Debug|Any CPU
		{129EF706-A10A-4E0B-9F6A-C385C0FAB1EC}.Release|Any CPU.ActiveCfg = Release|Any CPU
		{129EF706-A10A-4E0B-9F6A-C385C0FAB1EC}.Release|Any CPU.Build.0 = Release|Any CPU
	EndGlobalSection
	GlobalSection(SolutionProperties) = preSolution
		HideSolutionNode = FALSE
	EndGlobalSection
	GlobalSection(ExtensibilityGlobals) = postSolution
		SolutionGuid = {BD5459A5-47F1-4B9B-AB86-FAAF999B5F5F}
	EndGlobalSection
EndGlobal
