
Microsoft Visual Studio Solution File, Format Version 12.00
# Visual Studio Version 17
VisualStudioVersion = 17.13.35825.156 d17.13
MinimumVisualStudioVersion = 10.0.40219.1
Project("{00D1A9C2-B5F0-4AF3-8072-F6C62B433612}") = "InvestmentPortfolio", "InvestmentPortfolio.sqlproj", "{BD0962F9-BD92-4EC7-A0FB-A4976AB6CD0A}"
EndProject
Global
	GlobalSection(SolutionConfigurationPlatforms) = preSolution
		Debug|Any CPU = Debug|Any CPU
		Release|Any CPU = Release|Any CPU
	EndGlobalSection
	GlobalSection(ProjectConfigurationPlatforms) = postSolution
		{BD0962F9-BD92-4EC7-A0FB-A4976AB6CD0A}.Debug|Any CPU.ActiveCfg = Debug|Any CPU
		{BD0962F9-BD92-4EC7-A0FB-A4976AB6CD0A}.Debug|Any CPU.Build.0 = Debug|Any CPU
		{BD0962F9-BD92-4EC7-A0FB-A4976AB6CD0A}.Debug|Any CPU.Deploy.0 = Debug|Any CPU
		{BD0962F9-BD92-4EC7-A0FB-A4976AB6CD0A}.Release|Any CPU.ActiveCfg = Release|Any CPU
		{BD0962F9-BD92-4EC7-A0FB-A4976AB6CD0A}.Release|Any CPU.Build.0 = Release|Any CPU
		{BD0962F9-BD92-4EC7-A0FB-A4976AB6CD0A}.Release|Any CPU.Deploy.0 = Release|Any CPU
	EndGlobalSection
	GlobalSection(SolutionProperties) = preSolution
		HideSolutionNode = FALSE
	EndGlobalSection
	GlobalSection(ExtensibilityGlobals) = postSolution
		SolutionGuid = {EB89E401-55EE-47F5-A049-CC7D56C29BC0}
	EndGlobalSection
EndGlobal
